
Microsoft Visual Studio Solution File, Format Version 12.00
# Visual Studio Version 16
VisualStudioVersion = 16.0.32106.194
MinimumVisualStudioVersion = 10.0.40219.1
Project("{FAE04EC0-301F-11D3-BF4B-00C04F79EFBC}") = "WebSatisOtomasyonu", "WebSatisOtomasyonu\WebSatisOtomasyonu.csproj", "{2036628A-D65D-4ABD-93C2-E4E7C12FB969}"
EndProject
Global
	GlobalSection(SolutionConfigurationPlatforms) = preSolution
		Debug|Any CPU = Debug|Any CPU
		Release|Any CPU = Release|Any CPU
	EndGlobalSection
	GlobalSection(ProjectConfigurationPlatforms) = postSolution
		{2036628A-D65D-4ABD-93C2-E4E7C12FB969}.Debug|Any CPU.ActiveCfg = Debug|Any CPU
		{2036628A-D65D-4ABD-93C2-E4E7C12FB969}.Debug|Any CPU.Build.0 = Debug|Any CPU
		{2036628A-D65D-4ABD-93C2-E4E7C12FB969}.Release|Any CPU.ActiveCfg = Release|Any CPU
		{2036628A-D65D-4ABD-93C2-E4E7C12FB969}.Release|Any CPU.Build.0 = Release|Any CPU
	EndGlobalSection
	GlobalSection(SolutionProperties) = preSolution
		HideSolutionNode = FALSE
	EndGlobalSection
	GlobalSection(ExtensibilityGlobals) = postSolution
		SolutionGuid = {72F93978-FBBE-4C3A-A919-15B32A3BE6AE}
	EndGlobalSection
EndGlobal
